
Microsoft Visual Studio Solution File, Format Version 12.00
# Visual Studio Version 16
VisualStudioVersion = 16.0.32510.428
MinimumVisualStudioVersion = 10.0.40219.1
Project("{FAE04EC0-301F-11D3-BF4B-00C04F79EFBC}") = "AutoTest", "AutoTest\AutoTest.csproj", "{3B9F8E18-4267-446B-AA32-9686B2E21E4D}"
EndProject
Global
	GlobalSection(SolutionConfigurationPlatforms) = preSolution
		Debug|Any CPU = Debug|Any CPU
		Release|Any CPU = Release|Any CPU
	EndGlobalSection
	GlobalSection(ProjectConfigurationPlatforms) = postSolution
		{3B9F8E18-4267-446B-AA32-9686B2E21E4D}.Debug|Any CPU.ActiveCfg = Debug|Any CPU
		{3B9F8E18-4267-446B-AA32-9686B2E21E4D}.Debug|Any CPU.Build.0 = Debug|Any CPU
		{3B9F8E18-4267-446B-AA32-9686B2E21E4D}.Release|Any CPU.ActiveCfg = Release|Any CPU
		{3B9F8E18-4267-446B-AA32-9686B2E21E4D}.Release|Any CPU.Build.0 = Release|Any CPU
	EndGlobalSection
	GlobalSection(SolutionProperties) = preSolution
		HideSolutionNode = FALSE
	EndGlobalSection
	GlobalSection(ExtensibilityGlobals) = postSolution
		SolutionGuid = {5FD1C8CA-9F97-4C5F-A7C0-2329E31DE9BC}
	EndGlobalSection
EndGlobal
